
Microsoft Visual Studio Solution File, Format Version 12.00
# Visual Studio Version 16
VisualStudioVersion = 16.0.29409.12
MinimumVisualStudioVersion = 10.0.40219.1
Project("{FAE04EC0-301F-11D3-BF4B-00C04F79EFBC}") = "Service", "Service\Service.csproj", "{1D989A9D-F11C-44E7-ABF7-F41C9A50BAF5}"
EndProject
Global
	GlobalSection(SolutionConfigurationPlatforms) = preSolution
		Debug|Any CPU = Debug|Any CPU
		Release|Any CPU = Release|Any CPU
	EndGlobalSection
	GlobalSection(ProjectConfigurationPlatforms) = postSolution
		{1D989A9D-F11C-44E7-ABF7-F41C9A50BAF5}.Debug|Any CPU.ActiveCfg = Debug|Any CPU
		{1D989A9D-F11C-44E7-ABF7-F41C9A50BAF5}.Debug|Any CPU.Build.0 = Debug|Any CPU
		{1D989A9D-F11C-44E7-ABF7-F41C9A50BAF5}.Release|Any CPU.ActiveCfg = Release|Any CPU
		{1D989A9D-F11C-44E7-ABF7-F41C9A50BAF5}.Release|Any CPU.Build.0 = Release|Any CPU
	EndGlobalSection
	GlobalSection(SolutionProperties) = preSolution
		HideSolutionNode = FALSE
	EndGlobalSection
	GlobalSection(ExtensibilityGlobals) = postSolution
		SolutionGuid = {FB57DE01-02F4-4600-94D5-74A62FD612BB}
	EndGlobalSection
EndGlobal
